{
  "name": "myyomumoji",
  "version": "0.1.0",
  "lockfileVersion": 3,
  "requires": true,
  "packages": {
    "": {
      "name": "myyomumoji",
      "version": "0.1.0",
      "workspaces": [
        "packages/shared"
      ]
    },
    "node_modules/@myyomumoji/shared": {
      "resolved": "packages/shared",
      "link": true
    },
    "packages/shared": {
      "name": "@myyomumoji/shared",
      "version": "0.1.0"
    }
  }
}
